
Microsoft Visual Studio Solution File, Format Version 12.00
# Visual Studio 2013
VisualStudioVersion = 12.0.31101.0
MinimumVisualStudioVersion = 10.0.40219.1
Project("{FAE04EC0-301F-11D3-BF4B-00C04F79EFBC}") = "Messier16.StoreInteractions.Abstractions", "Messier16.StoreInteractions.Abstractions\Messier16.StoreInteractions.Abstractions.csproj", "{59C912B4-AC65-425D-862F-34A1802403A8}"
EndProject
Project("{FAE04EC0-301F-11D3-BF4B-00C04F79EFBC}") = "Messier16.StoreInteractions.Android", "Messier16.StoreInteractions.Android\Messier16.StoreInteractions.Android.csproj", "{3CAD9C33-42B5-4E8E-A2DB-6553ACE8AE54}"
EndProject
Project("{FAE04EC0-301F-11D3-BF4B-00C04F79EFBC}") = "Messier16.StoreInteractions.iOS", "Messier16.StoreInteractions.iOS\Messier16.StoreInteractions.iOS.csproj", "{20272D60-79C1-4082-B213-F2CEB5181B65}"
EndProject
Project("{FAE04EC0-301F-11D3-BF4B-00C04F79EFBC}") = "Messier16.StoreInteractions.WinPhone", "Messier16.StoreInteractions.WinPhone\Messier16.StoreInteractions.WinPhone.csproj", "{2AD17F9B-A0E6-4481-83C4-26C816675F55}"
EndProject
Global
	GlobalSection(SolutionConfigurationPlatforms) = preSolution
		Debug|Any CPU = Debug|Any CPU
		Debug|ARM = Debug|ARM
		Debug|x86 = Debug|x86
		Release|Any CPU = Release|Any CPU
		Release|ARM = Release|ARM
		Release|x86 = Release|x86
	EndGlobalSection
	GlobalSection(ProjectConfigurationPlatforms) = postSolution
		{59C912B4-AC65-425D-862F-34A1802403A8}.Debug|Any CPU.ActiveCfg = Debug|Any CPU
		{59C912B4-AC65-425D-862F-34A1802403A8}.Debug|Any CPU.Build.0 = Debug|Any CPU
		{59C912B4-AC65-425D-862F-34A1802403A8}.Debug|ARM.ActiveCfg = Debug|Any CPU
		{59C912B4-AC65-425D-862F-34A1802403A8}.Debug|x86.ActiveCfg = Debug|Any CPU
		{59C912B4-AC65-425D-862F-34A1802403A8}.Release|Any CPU.ActiveCfg = Release|Any CPU
		{59C912B4-AC65-425D-862F-34A1802403A8}.Release|Any CPU.Build.0 = Release|Any CPU
		{59C912B4-AC65-425D-862F-34A1802403A8}.Release|ARM.ActiveCfg = Release|Any CPU
		{59C912B4-AC65-425D-862F-34A1802403A8}.Release|x86.ActiveCfg = Release|Any CPU
		{3CAD9C33-42B5-4E8E-A2DB-6553ACE8AE54}.Debug|Any CPU.ActiveCfg = Debug|Any CPU
		{3CAD9C33-42B5-4E8E-A2DB-6553ACE8AE54}.Debug|Any CPU.Build.0 = Debug|Any CPU
		{3CAD9C33-42B5-4E8E-A2DB-6553ACE8AE54}.Debug|ARM.ActiveCfg = Debug|Any CPU
		{3CAD9C33-42B5-4E8E-A2DB-6553ACE8AE54}.Debug|x86.ActiveCfg = Debug|Any CPU
		{3CAD9C33-42B5-4E8E-A2DB-6553ACE8AE54}.Release|Any CPU.ActiveCfg = Release|Any CPU
		{3CAD9C33-42B5-4E8E-A2DB-6553ACE8AE54}.Release|Any CPU.Build.0 = Release|Any CPU
		{3CAD9C33-42B5-4E8E-A2DB-6553ACE8AE54}.Release|ARM.ActiveCfg = Release|Any CPU
		{3CAD9C33-42B5-4E8E-A2DB-6553ACE8AE54}.Release|x86.ActiveCfg = Release|Any CPU
		{20272D60-79C1-4082-B213-F2CEB5181B65}.Debug|Any CPU.ActiveCfg = Debug|Any CPU
		{20272D60-79C1-4082-B213-F2CEB5181B65}.Debug|Any CPU.Build.0 = Debug|Any CPU
		{20272D60-79C1-4082-B213-F2CEB5181B65}.Debug|ARM.ActiveCfg = Debug|Any CPU
		{20272D60-79C1-4082-B213-F2CEB5181B65}.Debug|x86.ActiveCfg = Debug|Any CPU
		{20272D60-79C1-4082-B213-F2CEB5181B65}.Release|Any CPU.ActiveCfg = Release|Any CPU
		{20272D60-79C1-4082-B213-F2CEB5181B65}.Release|Any CPU.Build.0 = Release|Any CPU
		{20272D60-79C1-4082-B213-F2CEB5181B65}.Release|ARM.ActiveCfg = Release|Any CPU
		{20272D60-79C1-4082-B213-F2CEB5181B65}.Release|x86.ActiveCfg = Release|Any CPU
		{2AD17F9B-A0E6-4481-83C4-26C816675F55}.Debug|Any CPU.ActiveCfg = Debug|Any CPU
		{2AD17F9B-A0E6-4481-83C4-26C816675F55}.Debug|Any CPU.Build.0 = Debug|Any CPU
		{2AD17F9B-A0E6-4481-83C4-26C816675F55}.Debug|ARM.ActiveCfg = Debug|ARM
		{2AD17F9B-A0E6-4481-83C4-26C816675F55}.Debug|ARM.Build.0 = Debug|ARM
		{2AD17F9B-A0E6-4481-83C4-26C816675F55}.Debug|x86.ActiveCfg = Debug|x86
		{2AD17F9B-A0E6-4481-83C4-26C816675F55}.Debug|x86.Build.0 = Debug|x86
		{2AD17F9B-A0E6-4481-83C4-26C816675F55}.Release|Any CPU.ActiveCfg = Release|Any CPU
		{2AD17F9B-A0E6-4481-83C4-26C816675F55}.Release|Any CPU.Build.0 = Release|Any CPU
		{2AD17F9B-A0E6-4481-83C4-26C816675F55}.Release|ARM.ActiveCfg = Release|ARM
		{2AD17F9B-A0E6-4481-83C4-26C816675F55}.Release|ARM.Build.0 = Release|ARM
		{2AD17F9B-A0E6-4481-83C4-26C816675F55}.Release|x86.ActiveCfg = Release|x86
		{2AD17F9B-A0E6-4481-83C4-26C816675F55}.Release|x86.Build.0 = Release|x86
	EndGlobalSection
	GlobalSection(SolutionProperties) = preSolution
		HideSolutionNode = FALSE
	EndGlobalSection
EndGlobal
