
Microsoft Visual Studio Solution File, Format Version 12.00
# Visual Studio 2012
Project("{FAE04EC0-301F-11D3-BF4B-00C04F79EFBC}") = "Messier16.StoreInteractions.Abstractions", "Messier16.StoreInteractions.Abstractions\Messier16.StoreInteractions.Abstractions.csproj", "{59C912B4-AC65-425D-862F-34A1802403A8}"
EndProject
Project("{FAE04EC0-301F-11D3-BF4B-00C04F79EFBC}") = "Messier16.StoreInteractions.Android", "Messier16.StoreInteractions.Android\Messier16.StoreInteractions.Android.csproj", "{3CAD9C33-42B5-4E8E-A2DB-6553ACE8AE54}"
EndProject
Project("{FAE04EC0-301F-11D3-BF4B-00C04F79EFBC}") = "Messier16.StoreInteractions.iOS", "Messier16.StoreInteractions.iOS\Messier16.StoreInteractions.iOS.csproj", "{20272D60-79C1-4082-B213-F2CEB5181B65}"
EndProject
Global
	GlobalSection(SolutionConfigurationPlatforms) = preSolution
		Debug|Any CPU = Debug|Any CPU
		Release|Any CPU = Release|Any CPU
	EndGlobalSection
	GlobalSection(ProjectConfigurationPlatforms) = postSolution
		{20272D60-79C1-4082-B213-F2CEB5181B65}.Debug|Any CPU.ActiveCfg = Debug|Any CPU
		{20272D60-79C1-4082-B213-F2CEB5181B65}.Debug|Any CPU.Build.0 = Debug|Any CPU
		{20272D60-79C1-4082-B213-F2CEB5181B65}.Release|Any CPU.ActiveCfg = Release|Any CPU
		{20272D60-79C1-4082-B213-F2CEB5181B65}.Release|Any CPU.Build.0 = Release|Any CPU
		{3CAD9C33-42B5-4E8E-A2DB-6553ACE8AE54}.Debug|Any CPU.ActiveCfg = Debug|Any CPU
		{3CAD9C33-42B5-4E8E-A2DB-6553ACE8AE54}.Debug|Any CPU.Build.0 = Debug|Any CPU
		{3CAD9C33-42B5-4E8E-A2DB-6553ACE8AE54}.Release|Any CPU.ActiveCfg = Release|Any CPU
		{3CAD9C33-42B5-4E8E-A2DB-6553ACE8AE54}.Release|Any CPU.Build.0 = Release|Any CPU
		{59C912B4-AC65-425D-862F-34A1802403A8}.Debug|Any CPU.ActiveCfg = Debug|Any CPU
		{59C912B4-AC65-425D-862F-34A1802403A8}.Debug|Any CPU.Build.0 = Debug|Any CPU
		{59C912B4-AC65-425D-862F-34A1802403A8}.Release|Any CPU.ActiveCfg = Release|Any CPU
		{59C912B4-AC65-425D-862F-34A1802403A8}.Release|Any CPU.Build.0 = Release|Any CPU
	EndGlobalSection
EndGlobal
